
Microsoft Visual Studio Solution File, Format Version 12.00
Project("{FAE04EC0-301F-11D3-BF4B-00C04F79EFBC}") = "GridPowerMonitor", "GridPowerMonitor\GridPowerMonitor.csproj", "{CFDB41F1-49B9-4770-A763-A593A844A99B}"
EndProject
Project("{2150E333-8FDC-42A3-9474-1A3956D46DE8}") = "ESP32", "ESP32", "{C9F9E61A-9E78-4796-AFA0-C97CE64BB43A}"
EndProject
Project("{FAE04EC0-301F-11D3-BF4B-00C04F79EFBC}") = "gridTestBroadcast", "gridTestBroadcast\gridTestBroadcast.csproj", "{036EA84C-1B36-4C37-AC39-7DB2B8C8980F}"
EndProject
Project("{FAE04EC0-301F-11D3-BF4B-00C04F79EFBC}") = "GridMonitorMaui", "GridMonitorMaui\GridMonitorMaui.csproj", "{783051B7-C450-4F89-826C-2E180F1A8506}"
EndProject
Global
	GlobalSection(SolutionConfigurationPlatforms) = preSolution
		Debug|Any CPU = Debug|Any CPU
		Release|Any CPU = Release|Any CPU
	EndGlobalSection
	GlobalSection(ProjectConfigurationPlatforms) = postSolution
		{CFDB41F1-49B9-4770-A763-A593A844A99B}.Debug|Any CPU.ActiveCfg = Debug|Any CPU
		{CFDB41F1-49B9-4770-A763-A593A844A99B}.Debug|Any CPU.Build.0 = Debug|Any CPU
		{CFDB41F1-49B9-4770-A763-A593A844A99B}.Release|Any CPU.ActiveCfg = Release|Any CPU
		{CFDB41F1-49B9-4770-A763-A593A844A99B}.Release|Any CPU.Build.0 = Release|Any CPU
		{036EA84C-1B36-4C37-AC39-7DB2B8C8980F}.Debug|Any CPU.ActiveCfg = Debug|Any CPU
		{036EA84C-1B36-4C37-AC39-7DB2B8C8980F}.Debug|Any CPU.Build.0 = Debug|Any CPU
		{036EA84C-1B36-4C37-AC39-7DB2B8C8980F}.Release|Any CPU.ActiveCfg = Release|Any CPU
		{036EA84C-1B36-4C37-AC39-7DB2B8C8980F}.Release|Any CPU.Build.0 = Release|Any CPU
		{783051B7-C450-4F89-826C-2E180F1A8506}.Debug|Any CPU.ActiveCfg = Debug|Any CPU
		{783051B7-C450-4F89-826C-2E180F1A8506}.Debug|Any CPU.Build.0 = Debug|Any CPU
		{783051B7-C450-4F89-826C-2E180F1A8506}.Release|Any CPU.ActiveCfg = Release|Any CPU
		{783051B7-C450-4F89-826C-2E180F1A8506}.Release|Any CPU.Build.0 = Release|Any CPU
	EndGlobalSection
EndGlobal
